{
  "name": "Treinamento",
  "lockfileVersion": 3,
  "requires": true,
  "packages": {
    "": {
      "dependencies": {
        "regex": "^6.0.1"
      }
    },
    "node_modules/regex": {
      "version": "6.0.1",
      "resolved": "https://registry.npmjs.org/regex/-/regex-6.0.1.tgz",
      "integrity": "sha512-uorlqlzAKjKQZ5P+kTJr3eeJGSVroLKoHmquUj4zHWuR+hEyNqlXsSKlYYF5F4NI6nl7tWCs0apKJ0lmfsXAPA==",
      "license": "MIT",
      "dependencies": {
        "regex-utilities": "^2.3.0"
      }
    },
    "node_modules/regex-utilities": {
      "version": "2.3.0",
      "resolved": "https://registry.npmjs.org/regex-utilities/-/regex-utilities-2.3.0.tgz",
      "integrity": "sha512-8VhliFJAWRaUiVvREIiW2NXXTmHs4vMNnSzuJVhscgmGav3g9VDxLrQndI3dZZVVdp0ZO/5v0xmX516/7M9cng==",
      "license": "MIT"
    }
  }
}
